Microsoft Visual Studio Solution File, Format Version 12.00
# Visual Studio Version 17
VisualStudioVersion = 17.13.35913.81
MinimumVisualStudioVersion = 10.0.40219.1
Project("{FAE04EC0-301F-11D3-BF4B-00C04F79EFBC}") = "KeyVaultEmulatorSample.AppHost", "KeyVaultEmulatorSample.AppHost\KeyVaultEmulatorSample.AppHost.csproj", "{4F04A741-3E95-4ED8-8D78-D72B0F371923}"
EndProject
Project("{FAE04EC0-301F-11D3-BF4B-00C04F79EFBC}") = "KeyVaultEmulatorSample.ServiceDefaults", "KeyVaultEmulatorSample.ServiceDefaults\KeyVaultEmulatorSample.ServiceDefaults.csproj", "{92DCA993-049E-7593-0AC2-78B90324C9AB}"
EndProject
Project("{FAE04EC0-301F-11D3-BF4B-00C04F79EFBC}") = "WebApiWithEmulator", "WebApiWithEmulator\WebApiWithEmulator.csproj", "{1C795729-4773-4CDF-8DCC-15542CF6F2CF}"
EndProject
Global
	GlobalSection(SolutionConfigurationPlatforms) = preSolution
		Debug|Any CPU = Debug|Any CPU
		Release|Any CPU = Release|Any CPU
	EndGlobalSection
	GlobalSection(ProjectConfigurationPlatforms) = postSolution
		{4F04A741-3E95-4ED8-8D78-D72B0F371923}.Debug|Any CPU.ActiveCfg = Debug|Any CPU
		{4F04A741-3E95-4ED8-8D78-D72B0F371923}.Debug|Any CPU.Build.0 = Debug|Any CPU
		{4F04A741-3E95-4ED8-8D78-D72B0F371923}.Release|Any CPU.ActiveCfg = Release|Any CPU
		{4F04A741-3E95-4ED8-8D78-D72B0F371923}.Release|Any CPU.Build.0 = Release|Any CPU
		{92DCA993-049E-7593-0AC2-78B90324C9AB}.Debug|Any CPU.ActiveCfg = Debug|Any CPU
		{92DCA993-049E-7593-0AC2-78B90324C9AB}.Debug|Any CPU.Build.0 = Debug|Any CPU
		{92DCA993-049E-7593-0AC2-78B90324C9AB}.Release|Any CPU.ActiveCfg = Release|Any CPU
		{92DCA993-049E-7593-0AC2-78B90324C9AB}.Release|Any CPU.Build.0 = Release|Any CPU
		{1C795729-4773-4CDF-8DCC-15542CF6F2CF}.Debug|Any CPU.ActiveCfg = Debug|Any CPU
		{1C795729-4773-4CDF-8DCC-15542CF6F2CF}.Debug|Any CPU.Build.0 = Debug|Any CPU
		{1C795729-4773-4CDF-8DCC-15542CF6F2CF}.Release|Any CPU.ActiveCfg = Release|Any CPU
		{1C795729-4773-4CDF-8DCC-15542CF6F2CF}.Release|Any CPU.Build.0 = Release|Any CPU
	EndGlobalSection
	GlobalSection(SolutionProperties) = preSolution
		HideSolutionNode = FALSE
	EndGlobalSection
	GlobalSection(ExtensibilityGlobals) = postSolution
		SolutionGuid = {F38F9197-E97D-4636-9DE7-C470ECBE671F}
	EndGlobalSection
EndGlobal
